
Microsoft Visual Studio Solution File, Format Version 12.00
# Visual Studio Version 17
VisualStudioVersion = 17.14.36623.8 d17.14
MinimumVisualStudioVersion = 10.0.40219.1
Project("{FAE04EC0-301F-11D3-BF4B-00C04F79EFBC}") = "SeramikStore.Entities", "SeramikStore.Entities\SeramikStore.Entities.csproj", "{EF5C2EFB-C19F-4BCC-AF57-F74440DF688E}"
EndProject
Project("{FAE04EC0-301F-11D3-BF4B-00C04F79EFBC}") = "SeramikStore.Services", "SeramikStore.Services\SeramikStore.Services.csproj", "{E73EA738-8BF9-4DA7-AC74-70E465B6CB5E}"
EndProject
Project("{FAE04EC0-301F-11D3-BF4B-00C04F79EFBC}") = "SeramikStore.Web", "SeramikStore.Web\SeramikStore.Web.csproj", "{A03C79E5-9403-406A-A8CB-443A88F62C5F}"
	ProjectSection(ProjectDependencies) = postProject
		{E73EA738-8BF9-4DA7-AC74-70E465B6CB5E} = {E73EA738-8BF9-4DA7-AC74-70E465B6CB5E}
	EndProjectSection
EndProject
Global
	GlobalSection(SolutionConfigurationPlatforms) = preSolution
		Debug|Any CPU = Debug|Any CPU
		Release|Any CPU = Release|Any CPU
	EndGlobalSection
	GlobalSection(ProjectConfigurationPlatforms) = postSolution
		{EF5C2EFB-C19F-4BCC-AF57-F74440DF688E}.Debug|Any CPU.ActiveCfg = Debug|Any CPU
		{EF5C2EFB-C19F-4BCC-AF57-F74440DF688E}.Debug|Any CPU.Build.0 = Debug|Any CPU
		{EF5C2EFB-C19F-4BCC-AF57-F74440DF688E}.Release|Any CPU.ActiveCfg = Release|Any CPU
		{EF5C2EFB-C19F-4BCC-AF57-F74440DF688E}.Release|Any CPU.Build.0 = Release|Any CPU
		{E73EA738-8BF9-4DA7-AC74-70E465B6CB5E}.Debug|Any CPU.ActiveCfg = Debug|Any CPU
		{E73EA738-8BF9-4DA7-AC74-70E465B6CB5E}.Debug|Any CPU.Build.0 = Debug|Any CPU
		{E73EA738-8BF9-4DA7-AC74-70E465B6CB5E}.Release|Any CPU.ActiveCfg = Release|Any CPU
		{E73EA738-8BF9-4DA7-AC74-70E465B6CB5E}.Release|Any CPU.Build.0 = Release|Any CPU
		{A03C79E5-9403-406A-A8CB-443A88F62C5F}.Debug|Any CPU.ActiveCfg = Debug|Any CPU
		{A03C79E5-9403-406A-A8CB-443A88F62C5F}.Debug|Any CPU.Build.0 = Debug|Any CPU
		{A03C79E5-9403-406A-A8CB-443A88F62C5F}.Release|Any CPU.ActiveCfg = Release|Any CPU
		{A03C79E5-9403-406A-A8CB-443A88F62C5F}.Release|Any CPU.Build.0 = Release|Any CPU
	EndGlobalSection
	GlobalSection(SolutionProperties) = preSolution
		HideSolutionNode = FALSE
	EndGlobalSection
	GlobalSection(ExtensibilityGlobals) = postSolution
		SolutionGuid = {14F244F7-2AEC-45E9-BC7D-4627B603515B}
	EndGlobalSection
EndGlobal
